// !$*UTF8*$!
{
	archiveVersion = 1;
	classes = {
	};
	objectVersion = 46;
	objects = {

/* Begin PBXBuildFile section */
		510CF6831DFEA6A50058B536 /* POIs+CoreDataClass.swift in Sources */ = {isa = PBXBuildFile; fileRef = 510CF6811DFEA6A50058B536 /* POIs+CoreDataClass.swift */; };
		510CF6841DFEA6A50058B536 /* POIs+CoreDataProperties.swift in Sources */ = {isa = PBXBuildFile; fileRef = 510CF6821DFEA6A50058B536 /* POIs+CoreDataProperties.swift */; };
		510CF6861DFEA6D70058B536 /* DataController.swift in Sources */ = {isa = PBXBuildFile; fileRef = 510CF6851DFEA6D70058B536 /* DataController.swift */; };
		5124CCD71DDC038D007007C6 /* tick.png in Resources */ = {isa = PBXBuildFile; fileRef = 5124CCD61DDC038D007007C6 /* tick.png */; };
		513571101DEC34CA0004C706 /* NA.png in Resources */ = {isa = PBXBuildFile; fileRef = 5135710F1DEC34CA0004C706 /* NA.png */; };
		513571121DEC3B730004C706 /* KandC.jpg in Resources */ = {isa = PBXBuildFile; fileRef = 513571111DEC3B730004C706 /* KandC.jpg */; };
		515B157E1DEDC07A0008BAFE /* no audio.mp3 in Resources */ = {isa = PBXBuildFile; fileRef = 515B157D1DEDC07A0008BAFE /* no audio.mp3 */; };
		5170A9361DEDCE60006859BF /* FavTableViewCell.swift in Sources */ = {isa = PBXBuildFile; fileRef = 5170A9351DEDCE60006859BF /* FavTableViewCell.swift */; };
		518B18201DE2D42800FAD4EE /* SinglePOIViewController.swift in Sources */ = {isa = PBXBuildFile; fileRef = 518B181F1DE2D42800FAD4EE /* SinglePOIViewController.swift */; };
		518B18221DE2D44800FAD4EE /* SinglePOITableViewCell.swift in Sources */ = {isa = PBXBuildFile; fileRef = 518B18211DE2D44800FAD4EE /* SinglePOITableViewCell.swift */; };
		5191B4CE1DEDC66100047717 /* FavouritesViewController.swift in Sources */ = {isa = PBXBuildFile; fileRef = 5191B4CD1DEDC66100047717 /* FavouritesViewController.swift */; };
		5191B4D01DEDC98C00047717 /* star.png in Resources */ = {isa = PBXBuildFile; fileRef = 5191B4CF1DEDC98C00047717 /* star.png */; };
		519BEE121E05378C00D77B81 /* greystar.png in Resources */ = {isa = PBXBuildFile; fileRef = 519BEE111E05378C00D77B81 /* greystar.png */; };
		51C5F5D51DED8C44004E0B86 /* arrow.png in Resources */ = {isa = PBXBuildFile; fileRef = 51C5F5D41DED8C44004E0B86 /* arrow.png */; };
		51CDCCB51DEC80180044A3B7 /* AboutViewController.swift in Sources */ = {isa = PBXBuildFile; fileRef = 51CDCCB41DEC80180044A3B7 /* AboutViewController.swift */; };
		51EA18621DC3AD30007591CC /* AreaTableViewCell.swift in Sources */ = {isa = PBXBuildFile; fileRef = 51EA18561DC3AD30007591CC /* AreaTableViewCell.swift */; };
		51EA18631DC3AD30007591CC /* AreaTableViewController.swift in Sources */ = {isa = PBXBuildFile; fileRef = 51EA18571DC3AD30007591CC /* AreaTableViewController.swift */; };
		51EA18661DC3AD30007591CC /* MapViewController.swift in Sources */ = {isa = PBXBuildFile; fileRef = 51EA185A1DC3AD30007591CC /* MapViewController.swift */; };
		51EA18671DC3AD30007591CC /* pause.jpg in Resources */ = {isa = PBXBuildFile; fileRef = 51EA185B1DC3AD30007591CC /* pause.jpg */; };
		51EA18681DC3AD30007591CC /* play.jpg in Resources */ = {isa = PBXBuildFile; fileRef = 51EA185C1DC3AD30007591CC /* play.jpg */; };
		51EA18691DC3AD30007591CC /* POIsTableViewCell.swift in Sources */ = {isa = PBXBuildFile; fileRef = 51EA185D1DC3AD30007591CC /* POIsTableViewCell.swift */; };
		51EA186A1DC3AD30007591CC /* POIsViewController.swift in Sources */ = {isa = PBXBuildFile; fileRef = 51EA185E1DC3AD30007591CC /* POIsViewController.swift */; };
		51EA186C1DC3AD30007591CC /* ProfileViewController.swift in Sources */ = {isa = PBXBuildFile; fileRef = 51EA18601DC3AD30007591CC /* ProfileViewController.swift */; };
		51F596471DFB3FC900C26F23 /* myCoreDataModel.xcdatamodeld in Sources */ = {isa = PBXBuildFile; fileRef = 51F596451DFB3FC900C26F23 /* myCoreDataModel.xcdatamodeld */; };
		814C3ACA1B69877600E307BB /* Main.storyboard in Resources */ = {isa = PBXBuildFile; fileRef = 814C3AC61B69877600E307BB /* Main.storyboard */; };
		814C3ACB1B69877600E307BB /* Images.xcassets in Resources */ = {isa = PBXBuildFile; fileRef = 814C3AC81B69877600E307BB /* Images.xcassets */; };
		81BA814B1A49DA1800E65899 /* AppDelegate.swift in Sources */ = {isa = PBXBuildFile; fileRef = 81BA814A1A49DA1800E65899 /* AppDelegate.swift */; };
		81BA814D1A49DA1800E65899 /* ViewController.swift in Sources */ = {isa = PBXBuildFile; fileRef = 81BA814C1A49DA1800E65899 /* ViewController.swift */; };
		81BA81701A49DB6800E65899 /* Bolts.framework in Frameworks */ = {isa = PBXBuildFile; fileRef = 81BA816B1A49DB6800E65899 /* Bolts.framework */; };
		81BA81711A49DB6800E65899 /* Parse.framework in Frameworks */ = {isa = PBXBuildFile; fileRef = 81BA816C1A49DB6800E65899 /* Parse.framework */; };
		81BA81771A49E0D500E65899 /* libsqlite3.dylib in Frameworks */ = {isa = PBXBuildFile; fileRef = 81BA81761A49E0D500E65899 /* libsqlite3.dylib */; };
		81BA81791A49E0DB00E65899 /* AudioToolbox.framework in Frameworks */ = {isa = PBXBuildFile; fileRef = 81BA81781A49E0DB00E65899 /* AudioToolbox.framework */; };
		81BA817B1A49E0E500E65899 /* SystemConfiguration.framework in Frameworks */ = {isa = PBXBuildFile; fileRef = 81BA817A1A49E0E500E65899 /* SystemConfiguration.framework */; };
		81BA817F1A49E0F000E65899 /* libstdc++.6.dylib in Frameworks */ = {isa = PBXBuildFile; fileRef = 81BA817E1A49E0F000E65899 /* libstdc++.6.dylib */; };
/* End PBXBuildFile section */

/* Begin PBXFileReference section */
		510CF6811DFEA6A50058B536 /* POIs+CoreDataClass.swift */ = {isa = PBXFileReference; fileEncoding = 4; lastKnownFileType = sourcecode.swift; name = "POIs+CoreDataClass.swift"; path = "../POIs+CoreDataClass.swift"; sourceTree = "<group>"; };
		510CF6821DFEA6A50058B536 /* POIs+CoreDataProperties.swift */ = {isa = PBXFileReference; fileEncoding = 4; lastKnownFileType = sourcecode.swift; name = "POIs+CoreDataProperties.swift"; path = "../POIs+CoreDataProperties.swift"; sourceTree = "<group>"; };
		510CF6851DFEA6D70058B536 /* DataController.swift */ = {isa = PBXFileReference; fileEncoding = 4; lastKnownFileType = sourcecode.swift; path = DataController.swift; sourceTree = "<group>"; };
		5124CCD61DDC038D007007C6 /* tick.png */ = {isa = PBXFileReference; lastKnownFileType = image.png; path = tick.png; sourceTree = "<group>"; };
		5135710F1DEC34CA0004C706 /* NA.png */ = {isa = PBXFileReference; lastKnownFileType = image.png; path = NA.png; sourceTree = "<group>"; };
		513571111DEC3B730004C706 /* KandC.jpg */ = {isa = PBXFileReference; lastKnownFileType = image.jpeg; path = KandC.jpg; sourceTree = "<group>"; };
		515B157D1DEDC07A0008BAFE /* no audio.mp3 */ = {isa = PBXFileReference; lastKnownFileType = audio.mp3; path = "no audio.mp3"; sourceTree = "<group>"; };
		5170A9351DEDCE60006859BF /* FavTableViewCell.swift */ = {isa = PBXFileReference; fileEncoding = 4; lastKnownFileType = sourcecode.swift; path = FavTableViewCell.swift; sourceTree = "<group>"; };
		518B181F1DE2D42800FAD4EE /* SinglePOIViewController.swift */ = {isa = PBXFileReference; fileEncoding = 4; lastKnownFileType = sourcecode.swift; path = SinglePOIViewController.swift; sourceTree = "<group>"; };
		518B18211DE2D44800FAD4EE /* SinglePOITableViewCell.swift */ = {isa = PBXFileReference; fileEncoding = 4; lastKnownFileType = sourcecode.swift; path = SinglePOITableViewCell.swift; sourceTree = "<group>"; };
		5191B4CD1DEDC66100047717 /* FavouritesViewController.swift */ = {isa = PBXFileReference; fileEncoding = 4; lastKnownFileType = sourcecode.swift; path = FavouritesViewController.swift; sourceTree = "<group>"; };
		5191B4CF1DEDC98C00047717 /* star.png */ = {isa = PBXFileReference; lastKnownFileType = image.png; path = star.png; sourceTree = "<group>"; };
		519BEE111E05378C00D77B81 /* greystar.png */ = {isa = PBXFileReference; lastKnownFileType = image.png; path = greystar.png; sourceTree = "<group>"; };
		51C5F5D41DED8C44004E0B86 /* arrow.png */ = {isa = PBXFileReference; lastKnownFileType = image.png; path = arrow.png; sourceTree = "<group>"; };
		51CDCCB41DEC80180044A3B7 /* AboutViewController.swift */ = {isa = PBXFileReference; fileEncoding = 4; lastKnownFileType = sourcecode.swift; path = AboutViewController.swift; sourceTree = "<group>"; };
		51EA18561DC3AD30007591CC /* AreaTableViewCell.swift */ = {isa = PBXFileReference; fileEncoding = 4; lastKnownFileType = sourcecode.swift; path = AreaTableViewCell.swift; sourceTree = "<group>"; };
		51EA18571DC3AD30007591CC /* AreaTableViewController.swift */ = {isa = PBXFileReference; fileEncoding = 4; lastKnownFileType = sourcecode.swift; path = AreaTableViewController.swift; sourceTree = "<group>"; };
		51EA185A1DC3AD30007591CC /* MapViewController.swift */ = {isa = PBXFileReference; fileEncoding = 4; lastKnownFileType = sourcecode.swift; path = MapViewController.swift; sourceTree = "<group>"; };
		51EA185B1DC3AD30007591CC /* pause.jpg */ = {isa = PBXFileReference; lastKnownFileType = image.jpeg; path = pause.jpg; sourceTree = "<group>"; };
		51EA185C1DC3AD30007591CC /* play.jpg */ = {isa = PBXFileReference; lastKnownFileType = image.jpeg; path = play.jpg; sourceTree = "<group>"; };
		51EA185D1DC3AD30007591CC /* POIsTableViewCell.swift */ = {isa = PBXFileReference; fileEncoding = 4; lastKnownFileType = sourcecode.swift; path = POIsTableViewCell.swift; sourceTree = "<group>"; };
		51EA185E1DC3AD30007591CC /* POIsViewController.swift */ = {isa = PBXFileReference; fileEncoding = 4; lastKnownFileType = sourcecode.swift; path = POIsViewController.swift; sourceTree = "<group>"; };
		51EA18601DC3AD30007591CC /* ProfileViewController.swift */ = {isa = PBXFileReference; fileEncoding = 4; lastKnownFileType = sourcecode.swift; path = ProfileViewController.swift; sourceTree = "<group>"; };
		51F596461DFB3FC900C26F23 /* myCoreDataModel.xcdatamodel */ = {isa = PBXFileReference; lastKnownFileType = wrapper.xcdatamodel; path = myCoreDataModel.xcdatamodel; sourceTree = "<group>"; };
		814C3AC71B69877600E307BB /* Base */ = {isa = PBXFileReference; lastKnownFileType = file.storyboard; name = Base; path = Base.lproj/Main.storyboard; sourceTree = "<group>"; };
		814C3AC81B69877600E307BB /* Images.xcassets */ = {isa = PBXFileReference; lastKnownFileType = folder.assetcatalog; path = Images.xcassets; sourceTree = "<group>"; };
		814C3AC91B69877600E307BB /* Info.plist */ = {isa = PBXFileReference; fileEncoding = 4; lastKnownFileType = text.plist.xml; path = Info.plist; sourceTree = "<group>"; };
		81BA81451A49DA1800E65899 /* ParseStarterProject-Swift.app */ = {isa = PBXFileReference; explicitFileType = wrapper.application; includeInIndex = 0; path = "ParseStarterProject-Swift.app"; sourceTree = BUILT_PRODUCTS_DIR; };
		81BA814A1A49DA1800E65899 /* AppDelegate.swift */ = {isa = PBXFileReference; lastKnownFileType = sourcecode.swift; path = AppDelegate.swift; sourceTree = "<group>"; };
		81BA814C1A49DA1800E65899 /* ViewController.swift */ = {isa = PBXFileReference; lastKnownFileType = sourcecode.swift; path = ViewController.swift; sourceTree = "<group>"; };
		81BA816B1A49DB6800E65899 /* Bolts.framework */ = {isa = PBXFileReference; lastKnownFileType = wrapper.framework; path = Bolts.framework; sourceTree = "<group>"; };
		81BA816C1A49DB6800E65899 /* Parse.framework */ = {isa = PBXFileReference; lastKnownFileType = wrapper.framework; path = Parse.framework; sourceTree = "<group>"; };
		81BA816E1A49DB6800E65899 /* ParseFacebookUtils.framework */ = {isa = PBXFileReference; lastKnownFileType = wrapper.framework; path = ParseFacebookUtils.framework; sourceTree = "<group>"; };
		81BA81761A49E0D500E65899 /* libsqlite3.dylib */ = {isa = PBXFileReference; lastKnownFileType = "compiled.mach-o.dylib"; name = libsqlite3.dylib; path = usr/lib/libsqlite3.dylib; sourceTree = SDKROOT; };
		81BA81781A49E0DB00E65899 /* AudioToolbox.framework */ = {isa = PBXFileReference; lastKnownFileType = wrapper.framework; name = AudioToolbox.framework; path = System/Library/Frameworks/AudioToolbox.framework; sourceTree = SDKROOT; };
		81BA817A1A49E0E500E65899 /* SystemConfiguration.framework */ = {isa = PBXFileReference; lastKnownFileType = wrapper.framework; name = SystemConfiguration.framework; path = System/Library/Frameworks/SystemConfiguration.framework; sourceTree = SDKROOT; };
		81BA817E1A49E0F000E65899 /* libstdc++.6.dylib */ = {isa = PBXFileReference; lastKnownFileType = "compiled.mach-o.dylib"; name = "libstdc++.6.dylib"; path = "usr/lib/libstdc++.6.dylib"; sourceTree = SDKROOT; };
		81BA81801A49E10C00E65899 /* ParseUI.framework */ = {isa = PBXFileReference; lastKnownFileType = wrapper.framework; path = ParseUI.framework; sourceTree = "<group>"; };
/* End PBXFileReference section */

/* Begin PBXFrameworksBuildPhase section */
		81BA81421A49DA1800E65899 /* Frameworks */ = {
			isa = PBXFrameworksBuildPhase;
			buildActionMask = 2147483647;
			files = (
				81BA817F1A49E0F000E65899 /* libstdc++.6.dylib in Frameworks */,
				81BA817B1A49E0E500E65899 /* SystemConfiguration.framework in Frameworks */,
				81BA81791A49E0DB00E65899 /* AudioToolbox.framework in Frameworks */,
				81BA81771A49E0D500E65899 /* libsqlite3.dylib in Frameworks */,
				81BA81711A49DB6800E65899 /* Parse.framework in Frameworks */,
				81BA81701A49DB6800E65899 /* Bolts.framework in Frameworks */,
			);
			runOnlyForDeploymentPostprocessing = 0;
		};
/* End PBXFrameworksBuildPhase section */

/* Begin PBXGroup section */
		814C3AC51B69877600E307BB /* Resources */ = {
			isa = PBXGroup;
			children = (
				814C3AC81B69877600E307BB /* Images.xcassets */,
				814C3AC91B69877600E307BB /* Info.plist */,
			);
			path = Resources;
			sourceTree = "<group>";
		};
		81BA813C1A49DA1800E65899 = {
			isa = PBXGroup;
			children = (
				81BA81471A49DA1800E65899 /* ParseStarterProject */,
				814C3AC51B69877600E307BB /* Resources */,
				81BA816A1A49DB5600E65899 /* Frameworks */,
				81BA81461A49DA1800E65899 /* Products */,
			);
			sourceTree = "<group>";
		};
		81BA81461A49DA1800E65899 /* Products */ = {
			isa = PBXGroup;
			children = (
				81BA81451A49DA1800E65899 /* ParseStarterProject-Swift.app */,
			);
			name = Products;
			sourceTree = "<group>";
		};
		81BA81471A49DA1800E65899 /* ParseStarterProject */ = {
			isa = PBXGroup;
			children = (
				81BA814A1A49DA1800E65899 /* AppDelegate.swift */,
				814C3AC61B69877600E307BB /* Main.storyboard */,
				81BA814C1A49DA1800E65899 /* ViewController.swift */,
				51EA185A1DC3AD30007591CC /* MapViewController.swift */,
				518B181F1DE2D42800FAD4EE /* SinglePOIViewController.swift */,
				518B18211DE2D44800FAD4EE /* SinglePOITableViewCell.swift */,
				51EA18571DC3AD30007591CC /* AreaTableViewController.swift */,
				51EA18561DC3AD30007591CC /* AreaTableViewCell.swift */,
				51EA185E1DC3AD30007591CC /* POIsViewController.swift */,
				51EA185D1DC3AD30007591CC /* POIsTableViewCell.swift */,
				51EA18601DC3AD30007591CC /* ProfileViewController.swift */,
				51CDCCB41DEC80180044A3B7 /* AboutViewController.swift */,
				5191B4CD1DEDC66100047717 /* FavouritesViewController.swift */,
				5170A9351DEDCE60006859BF /* FavTableViewCell.swift */,
				515B157D1DEDC07A0008BAFE /* no audio.mp3 */,
				5124CCD61DDC038D007007C6 /* tick.png */,
				51EA185B1DC3AD30007591CC /* pause.jpg */,
				51EA185C1DC3AD30007591CC /* play.jpg */,
				5135710F1DEC34CA0004C706 /* NA.png */,
				513571111DEC3B730004C706 /* KandC.jpg */,
				51C5F5D41DED8C44004E0B86 /* arrow.png */,
				519BEE111E05378C00D77B81 /* greystar.png */,
				5191B4CF1DEDC98C00047717 /* star.png */,
				51F596451DFB3FC900C26F23 /* myCoreDataModel.xcdatamodeld */,
				510CF6811DFEA6A50058B536 /* POIs+CoreDataClass.swift */,
				510CF6821DFEA6A50058B536 /* POIs+CoreDataProperties.swift */,
				510CF6851DFEA6D70058B536 /* DataController.swift */,
			);
			path = ParseStarterProject;
			sourceTree = "<group>";
		};
		81BA816A1A49DB5600E65899 /* Frameworks */ = {
			isa = PBXGroup;
			children = (
				81BA816B1A49DB6800E65899 /* Bolts.framework */,
				81BA816C1A49DB6800E65899 /* Parse.framework */,
				81BA816E1A49DB6800E65899 /* ParseFacebookUtils.framework */,
				81BA81801A49E10C00E65899 /* ParseUI.framework */,
				81BA81751A49E0C500E65899 /* System Frameworks */,
			);
			name = Frameworks;
			sourceTree = "<group>";
		};
		81BA81751A49E0C500E65899 /* System Frameworks */ = {
			isa = PBXGroup;
			children = (
				81BA817E1A49E0F000E65899 /* libstdc++.6.dylib */,
				81BA817A1A49E0E500E65899 /* SystemConfiguration.framework */,
				81BA81781A49E0DB00E65899 /* AudioToolbox.framework */,
				81BA81761A49E0D500E65899 /* libsqlite3.dylib */,
			);
			name = "System Frameworks";
			sourceTree = "<group>";
		};
/* End PBXGroup section */

/* Begin PBXNativeTarget section */
		81BA81441A49DA1800E65899 /* ParseStarterProject-Swift */ = {
			isa = PBXNativeTarget;
			buildConfigurationList = 81BA81641A49DA1800E65899 /* Build configuration list for PBXNativeTarget "ParseStarterProject-Swift" */;
			buildPhases = (
				81BA81411A49DA1800E65899 /* Sources */,
				81BA81421A49DA1800E65899 /* Frameworks */,
				81BA81431A49DA1800E65899 /* Resources */,
			);
			buildRules = (
			);
			dependencies = (
			);
			name = "ParseStarterProject-Swift";
			productName = ParseStarterProject;
			productReference = 81BA81451A49DA1800E65899 /* ParseStarterProject-Swift.app */;
			productType = "com.apple.product-type.application";
		};
/* End PBXNativeTarget section */

/* Begin PBXProject section */
		81BA813D1A49DA1800E65899 /* Project object */ = {
			isa = PBXProject;
			attributes = {
				LastSwiftUpdateCheck = 0700;
				LastUpgradeCheck = 0800;
				ORGANIZATIONNAME = Parse;
				TargetAttributes = {
					81BA81441A49DA1800E65899 = {
						CreatedOnToolsVersion = 6.1.1;
						DevelopmentTeam = RVMQ8FLP6H;
						LastSwiftMigration = 0800;
					};
				};
			};
			buildConfigurationList = 81BA81401A49DA1800E65899 /* Build configuration list for PBXProject "ParseStarterProject-Swift" */;
			compatibilityVersion = "Xcode 3.2";
			developmentRegion = English;
			hasScannedForEncodings = 0;
			knownRegions = (
				en,
				Base,
			);
			mainGroup = 81BA813C1A49DA1800E65899;
			productRefGroup = 81BA81461A49DA1800E65899 /* Products */;
			projectDirPath = "";
			projectRoot = "";
			targets = (
				81BA81441A49DA1800E65899 /* ParseStarterProject-Swift */,
			);
		};
/* End PBXProject section */

/* Begin PBXResourcesBuildPhase section */
		81BA81431A49DA1800E65899 /* Resources */ = {
			isa = PBXResourcesBuildPhase;
			buildActionMask = 2147483647;
			files = (
				513571101DEC34CA0004C706 /* NA.png in Resources */,
				5191B4D01DEDC98C00047717 /* star.png in Resources */,
				515B157E1DEDC07A0008BAFE /* no audio.mp3 in Resources */,
				5124CCD71DDC038D007007C6 /* tick.png in Resources */,
				51EA18681DC3AD30007591CC /* play.jpg in Resources */,
				513571121DEC3B730004C706 /* KandC.jpg in Resources */,
				51C5F5D51DED8C44004E0B86 /* arrow.png in Resources */,
				51EA18671DC3AD30007591CC /* pause.jpg in Resources */,
				814C3ACA1B69877600E307BB /* Main.storyboard in Resources */,
				519BEE121E05378C00D77B81 /* greystar.png in Resources */,
				814C3ACB1B69877600E307BB /* Images.xcassets in Resources */,
			);
			runOnlyForDeploymentPostprocessing = 0;
		};
/* End PBXResourcesBuildPhase section */

/* Begin PBXSourcesBuildPhase section */
		81BA81411A49DA1800E65899 /* Sources */ = {
			isa = PBXSourcesBuildPhase;
			buildActionMask = 2147483647;
			files = (
				510CF6831DFEA6A50058B536 /* POIs+CoreDataClass.swift in Sources */,
				5191B4CE1DEDC66100047717 /* FavouritesViewController.swift in Sources */,
				51EA18691DC3AD30007591CC /* POIsTableViewCell.swift in Sources */,
				51EA18631DC3AD30007591CC /* AreaTableViewController.swift in Sources */,
				51CDCCB51DEC80180044A3B7 /* AboutViewController.swift in Sources */,
				81BA814D1A49DA1800E65899 /* ViewController.swift in Sources */,
				51EA186A1DC3AD30007591CC /* POIsViewController.swift in Sources */,
				510CF6861DFEA6D70058B536 /* DataController.swift in Sources */,
				51F596471DFB3FC900C26F23 /* myCoreDataModel.xcdatamodeld in Sources */,
				51EA18621DC3AD30007591CC /* AreaTableViewCell.swift in Sources */,
				5170A9361DEDCE60006859BF /* FavTableViewCell.swift in Sources */,
				51EA18661DC3AD30007591CC /* MapViewController.swift in Sources */,
				518B18221DE2D44800FAD4EE /* SinglePOITableViewCell.swift in Sources */,
				51EA186C1DC3AD30007591CC /* ProfileViewController.swift in Sources */,
				518B18201DE2D42800FAD4EE /* SinglePOIViewController.swift in Sources */,
				510CF6841DFEA6A50058B536 /* POIs+CoreDataProperties.swift in Sources */,
				81BA814B1A49DA1800E65899 /* AppDelegate.swift in Sources */,
			);
			runOnlyForDeploymentPostprocessing = 0;
		};
/* End PBXSourcesBuildPhase section */

/* Begin PBXVariantGroup section */
		814C3AC61B69877600E307BB /* Main.storyboard */ = {
			isa = PBXVariantGroup;
			children = (
				814C3AC71B69877600E307BB /* Base */,
			);
			name = Main.storyboard;
			path = ../Resources;
			sourceTree = "<group>";
		};
/* End PBXVariantGroup section */

/* Begin XCBuildConfiguration section */
		81BA81621A49DA1800E65899 /* Debug */ = {
			isa = XCBuildConfiguration;
			buildSettings = {
				ALWAYS_SEARCH_USER_PATHS = NO;
				CLANG_CXX_LANGUAGE_STANDARD = "gnu++0x";
				CLANG_CXX_LIBRARY = "libc++";
				CLANG_ENABLE_MODULES = YES;
				CLANG_ENABLE_OBJC_ARC = YES;
				CLANG_WARN_BOOL_CONVERSION = YES;
				CLANG_WARN_CONSTANT_CONVERSION = YES;
				CLANG_WARN_DIRECT_OBJC_ISA_USAGE = YES_ERROR;
				CLANG_WARN_EMPTY_BODY = YES;
				CLANG_WARN_ENUM_CONVERSION = YES;
				CLANG_WARN_INT_CONVERSION = YES;
				CLANG_WARN_OBJC_ROOT_CLASS = YES_ERROR;
				CLANG_WARN_UNREACHABLE_CODE = YES;
				CLANG_WARN__DUPLICATE_METHOD_MATCH = YES;
				"CODE_SIGN_IDENTITY[sdk=iphoneos*]" = "iPhone Developer";
				COPY_PHASE_STRIP = NO;
				ENABLE_STRICT_OBJC_MSGSEND = YES;
				ENABLE_TESTABILITY = YES;
				GCC_C_LANGUAGE_STANDARD = gnu99;
				GCC_DYNAMIC_NO_PIC = NO;
				GCC_NO_COMMON_BLOCKS = YES;
				GCC_OPTIMIZATION_LEVEL = 0;
				GCC_PREPROCESSOR_DEFINITIONS = (
					"DEBUG=1",
					"$(inherited)",
				);
				GCC_SYMBOLS_PRIVATE_EXTERN = NO;
				GCC_WARN_64_TO_32_BIT_CONVERSION = YES;
				GCC_WARN_ABOUT_RETURN_TYPE = YES_ERROR;
				GCC_WARN_UNDECLARED_SELECTOR = YES;
				GCC_WARN_UNINITIALIZED_AUTOS = YES_AGGRESSIVE;
				GCC_WARN_UNUSED_FUNCTION = YES;
				GCC_WARN_UNUSED_VARIABLE = YES;
				IPHONEOS_DEPLOYMENT_TARGET = 8.0;
				MTL_ENABLE_DEBUG_INFO = YES;
				ONLY_ACTIVE_ARCH = YES;
				SDKROOT = iphoneos;
				SWIFT_OPTIMIZATION_LEVEL = "-Onone";
				TARGETED_DEVICE_FAMILY = "1,2";
			};
			name = Debug;
		};
		81BA81631A49DA1800E65899 /* Release */ = {
			isa = XCBuildConfiguration;
			buildSettings = {
				ALWAYS_SEARCH_USER_PATHS = NO;
				CLANG_CXX_LANGUAGE_STANDARD = "gnu++0x";
				CLANG_CXX_LIBRARY = "libc++";
				CLANG_ENABLE_MODULES = YES;
				CLANG_ENABLE_OBJC_ARC = YES;
				CLANG_WARN_BOOL_CONVERSION = YES;
				CLANG_WARN_CONSTANT_CONVERSION = YES;
				CLANG_WARN_DIRECT_OBJC_ISA_USAGE = YES_ERROR;
				CLANG_WARN_EMPTY_BODY = YES;
				CLANG_WARN_ENUM_CONVERSION = YES;
				CLANG_WARN_INT_CONVERSION = YES;
				CLANG_WARN_OBJC_ROOT_CLASS = YES_ERROR;
				CLANG_WARN_UNREACHABLE_CODE = YES;
				CLANG_WARN__DUPLICATE_METHOD_MATCH = YES;
				"CODE_SIGN_IDENTITY[sdk=iphoneos*]" = "iPhone Developer";
				COPY_PHASE_STRIP = YES;
				ENABLE_NS_ASSERTIONS = NO;
				ENABLE_STRICT_OBJC_MSGSEND = YES;
				GCC_C_LANGUAGE_STANDARD = gnu99;
				GCC_NO_COMMON_BLOCKS = YES;
				GCC_WARN_64_TO_32_BIT_CONVERSION = YES;
				GCC_WARN_ABOUT_RETURN_TYPE = YES_ERROR;
				GCC_WARN_UNDECLARED_SELECTOR = YES;
				GCC_WARN_UNINITIALIZED_AUTOS = YES_AGGRESSIVE;
				GCC_WARN_UNUSED_FUNCTION = YES;
				GCC_WARN_UNUSED_VARIABLE = YES;
				IPHONEOS_DEPLOYMENT_TARGET = 8.0;
				MTL_ENABLE_DEBUG_INFO = NO;
				SDKROOT = iphoneos;
				TARGETED_DEVICE_FAMILY = "1,2";
				VALIDATE_PRODUCT = YES;
			};
			name = Release;
		};
		81BA81651A49DA1800E65899 /* Debug */ = {
			isa = XCBuildConfiguration;
			buildSettings = {
				ASSETCATALOG_COMPILER_APPICON_NAME = AppIcon;
				ASSETCATALOG_COMPILER_LAUNCHIMAGE_NAME = LaunchImage;
				DEVELOPMENT_TEAM = RVMQ8FLP6H;
				FRAMEWORK_SEARCH_PATHS = (
					"$(inherited)",
					"$(PROJECT_DIR)",
				);
				INFOPLIST_FILE = Resources/Info.plist;
				LD_RUNPATH_SEARCH_PATHS = "$(inherited) @executable_path/Frameworks";
				PRODUCT_BUNDLE_IDENTIFIER = com.parse.Citixplore;
				PRODUCT_NAME = "ParseStarterProject-Swift";
				SWIFT_VERSION = 3.0;
			};
			name = Debug;
		};
		81BA81661A49DA1800E65899 /* Release */ = {
			isa = XCBuildConfiguration;
			buildSettings = {
				ASSETCATALOG_COMPILER_APPICON_NAME = AppIcon;
				ASSETCATALOG_COMPILER_LAUNCHIMAGE_NAME = LaunchImage;
				DEVELOPMENT_TEAM = RVMQ8FLP6H;
				FRAMEWORK_SEARCH_PATHS = (
					"$(inherited)",
					"$(PROJECT_DIR)",
				);
				INFOPLIST_FILE = Resources/Info.plist;
				LD_RUNPATH_SEARCH_PATHS = "$(inherited) @executable_path/Frameworks";
				PRODUCT_BUNDLE_IDENTIFIER = com.parse.Citixplore;
				PRODUCT_NAME = "ParseStarterProject-Swift";
				SWIFT_OPTIMIZATION_LEVEL = "-Owholemodule";
				SWIFT_VERSION = 3.0;
			};
			name = Release;
		};
/* End XCBuildConfiguration section */

/* Begin XCConfigurationList section */
		81BA81401A49DA1800E65899 /* Build configuration list for PBXProject "ParseStarterProject-Swift" */ = {
			isa = XCConfigurationList;
			buildConfigurations = (
				81BA81621A49DA1800E65899 /* Debug */,
				81BA81631A49DA1800E65899 /* Release */,
			);
			defaultConfigurationIsVisible = 0;
			defaultConfigurationName = Release;
		};
		81BA81641A49DA1800E65899 /* Build configuration list for PBXNativeTarget "ParseStarterProject-Swift" */ = {
			isa = XCConfigurationList;
			buildConfigurations = (
				81BA81651A49DA1800E65899 /* Debug */,
				81BA81661A49DA1800E65899 /* Release */,
			);
			defaultConfigurationIsVisible = 0;
			defaultConfigurationName = Release;
		};
/* End XCConfigurationList section */

/* Begin XCVersionGroup section */
		51F596451DFB3FC900C26F23 /* myCoreDataModel.xcdatamodeld */ = {
			isa = XCVersionGroup;
			children = (
				51F596461DFB3FC900C26F23 /* myCoreDataModel.xcdatamodel */,
			);
			currentVersion = 51F596461DFB3FC900C26F23 /* myCoreDataModel.xcdatamodel */;
			path = myCoreDataModel.xcdatamodeld;
			sourceTree = "<group>";
			versionGroupType = wrapper.xcdatamodel;
		};
/* End XCVersionGroup section */
	};
	rootObject = 81BA813D1A49DA1800E65899 /* Project object */;
}
